
Microsoft Visual Studio Solution File, Format Version 12.00
# Visual Studio Version 17
VisualStudioVersion = 17.3.32922.545
MinimumVisualStudioVersion = 10.0.40219.1
Project("{FAE04EC0-301F-11D3-BF4B-00C04F79EFBC}") = "Jackie_Stewart", "Jackie_Stewart\Jackie_Stewart.csproj", "{ACED6B80-47DA-46BF-9085-0701819303C3}"
EndProject
Global
	GlobalSection(SolutionConfigurationPlatforms) = preSolution
		Debug|Any CPU = Debug|Any CPU
		Release|Any CPU = Release|Any CPU
	EndGlobalSection
	GlobalSection(ProjectConfigurationPlatforms) = postSolution
		{ACED6B80-47DA-46BF-9085-0701819303C3}.Debug|Any CPU.ActiveCfg = Debug|Any CPU
		{ACED6B80-47DA-46BF-9085-0701819303C3}.Debug|Any CPU.Build.0 = Debug|Any CPU
		{ACED6B80-47DA-46BF-9085-0701819303C3}.Release|Any CPU.ActiveCfg = Release|Any CPU
		{ACED6B80-47DA-46BF-9085-0701819303C3}.Release|Any CPU.Build.0 = Release|Any CPU
	EndGlobalSection
	GlobalSection(SolutionProperties) = preSolution
		HideSolutionNode = FALSE
	EndGlobalSection
	GlobalSection(ExtensibilityGlobals) = postSolution
		SolutionGuid = {180E970D-AC1E-4515-91D7-FE85F6038D6A}
	EndGlobalSection
EndGlobal
